# This file is autogenerated, do not edit; changes may be undone by the next 'dep ensure'.


[[projects]]
  branch = "master"
  digest = "1:2c810dc33dfa2f6e3b7f079e6ecbb51f8b5f6c470da4eee89fda09bacaf2ca16"
  name = "github.com/naichadouban/mylog"
  packages = [
    "mylog",
    "rotator",
  ]
  pruneopts = "UT"
  revision = "652e16671f349360cdd2a222f53099c715b30e79"

[solve-meta]
  analyzer-name = "dep"
  analyzer-version = 1
  input-imports = [
    "github.com/naichadouban/mylog/mylog",
    "github.com/naichadouban/mylog/rotator",
  ]
  solver-name = "gps-cdcl"
  solver-version = 1
